{
	"name": "lsp-xmidas-server",
	"version": "1.0.0",
	"lockfileVersion": 2,
	"requires": true,
	"packages": {
		"": {
			"name": "lsp-xmidas-server",
			"version": "1.0.0",
			"license": "MIT",
			"dependencies": {
				"vscode-languageserver": "^7.0.0",
				"vscode-languageserver-textdocument": "^1.0.4",
				"vscode-textmate-languageservice": "^3.0.1"
			},
			"engines": {
				"node": "*"
			}
		},
		"node_modules/@types/vscode": {
			"version": "1.90.0",
			"resolved": "https://registry.npmjs.org/@types/vscode/-/vscode-1.90.0.tgz",
			"integrity": "sha512-oT+ZJL7qHS9Z8bs0+WKf/kQ27qWYR3trsXpq46YDjFqBsMLG4ygGGjPaJ2tyrH0wJzjOEmDyg9PDJBBhWg9pkQ=="
		},
		"node_modules/type-fest": {
			"version": "1.0.0",
			"resolved": "https://registry.npmjs.org/type-fest/-/type-fest-1.0.0.tgz",
			"integrity": "sha512-Q75/Kan//7GSHmyXvG5kQdLSuF+PJzOv2sc6XyhAYCvR4xoAF5qHI2mKmhkpMOtvrfn9FSh376dGaZbdWL/vgQ==",
			"engines": {
				"node": ">=10"
			},
			"funding": {
				"url": "https://github.com/sponsors/sindresorhus"
			}
		},
		"node_modules/vscode-jsonrpc": {
			"version": "6.0.0",
			"resolved": "https://registry.npmjs.org/vscode-jsonrpc/-/vscode-jsonrpc-6.0.0.tgz",
			"integrity": "sha512-wnJA4BnEjOSyFMvjZdpiOwhSq9uDoK8e/kpRJDTaMYzwlkrhG1fwDIZI94CLsLzlCK5cIbMMtFlJlfR57Lavmg==",
			"engines": {
				"node": ">=8.0.0 || >=10.0.0"
			}
		},
		"node_modules/vscode-languageserver": {
			"version": "7.0.0",
			"resolved": "https://registry.npmjs.org/vscode-languageserver/-/vscode-languageserver-7.0.0.tgz",
			"integrity": "sha512-60HTx5ID+fLRcgdHfmz0LDZAXYEV68fzwG0JWwEPBode9NuMYTIxuYXPg4ngO8i8+Ou0lM7y6GzaYWbiDL0drw==",
			"dependencies": {
				"vscode-languageserver-protocol": "3.16.0"
			},
			"bin": {
				"installServerIntoExtension": "bin/installServerIntoExtension"
			}
		},
		"node_modules/vscode-languageserver-protocol": {
			"version": "3.16.0",
			"resolved": "https://registry.npmjs.org/vscode-languageserver-protocol/-/vscode-languageserver-protocol-3.16.0.tgz",
			"integrity": "sha512-sdeUoAawceQdgIfTI+sdcwkiK2KU+2cbEYA0agzM2uqaUy2UpnnGHtWTHVEtS0ES4zHU0eMFRGN+oQgDxlD66A==",
			"dependencies": {
				"vscode-jsonrpc": "6.0.0",
				"vscode-languageserver-types": "3.16.0"
			}
		},
		"node_modules/vscode-languageserver-textdocument": {
			"version": "1.0.11",
			"resolved": "https://registry.npmjs.org/vscode-languageserver-textdocument/-/vscode-languageserver-textdocument-1.0.11.tgz",
			"integrity": "sha512-X+8T3GoiwTVlJbicx/sIAF+yuJAqz8VvwJyoMVhwEMoEKE/fkDmrqUgDMyBECcM2A2frVZIUj5HI/ErRXCfOeA=="
		},
		"node_modules/vscode-languageserver-types": {
			"version": "3.16.0",
			"resolved": "https://registry.npmjs.org/vscode-languageserver-types/-/vscode-languageserver-types-3.16.0.tgz",
			"integrity": "sha512-k8luDIWJWyenLc5ToFQQMaSrqCHiLwyKPHKPQZ5zz21vM+vIVUSvsRpcbiECH4WR88K2XZqc4ScRcZ7nk/jbeA=="
		},
		"node_modules/vscode-textmate": {
			"version": "9.0.0",
			"resolved": "https://registry.npmjs.org/vscode-textmate/-/vscode-textmate-9.0.0.tgz",
			"integrity": "sha512-Cl65diFGxz7gpwbav10HqiY/eVYTO1sjQpmRmV991Bj7wAoOAjGQ97PpQcXorDE2Uc4hnGWLY17xme+5t6MlSg=="
		},
		"node_modules/vscode-textmate-languageservice": {
			"version": "3.0.1",
			"resolved": "https://registry.npmjs.org/vscode-textmate-languageservice/-/vscode-textmate-languageservice-3.0.1.tgz",
			"integrity": "sha512-GjrV2vaEoY6WqyTomb5drnNimPwOmK3uoiPWAcKDXoVFtd0dcnrFeZzBHTX+jA/+MYHWa+dPGlyWKv/R3DsWrQ==",
			"hasInstallScript": true,
			"dependencies": {
				"@types/vscode": "^1.55.0",
				"type-fest": "1.0.0",
				"vscode-textmate": "^9.0.0"
			},
			"engines": {
				"vscode": "^1.55.0"
			}
		}
	},
	"dependencies": {
		"@types/vscode": {
			"version": "1.90.0",
			"resolved": "https://registry.npmjs.org/@types/vscode/-/vscode-1.90.0.tgz",
			"integrity": "sha512-oT+ZJL7qHS9Z8bs0+WKf/kQ27qWYR3trsXpq46YDjFqBsMLG4ygGGjPaJ2tyrH0wJzjOEmDyg9PDJBBhWg9pkQ=="
		},
		"type-fest": {
			"version": "1.0.0",
			"resolved": "https://registry.npmjs.org/type-fest/-/type-fest-1.0.0.tgz",
			"integrity": "sha512-Q75/Kan//7GSHmyXvG5kQdLSuF+PJzOv2sc6XyhAYCvR4xoAF5qHI2mKmhkpMOtvrfn9FSh376dGaZbdWL/vgQ=="
		},
		"vscode-jsonrpc": {
			"version": "6.0.0",
			"resolved": "https://registry.npmjs.org/vscode-jsonrpc/-/vscode-jsonrpc-6.0.0.tgz",
			"integrity": "sha512-wnJA4BnEjOSyFMvjZdpiOwhSq9uDoK8e/kpRJDTaMYzwlkrhG1fwDIZI94CLsLzlCK5cIbMMtFlJlfR57Lavmg=="
		},
		"vscode-languageserver": {
			"version": "7.0.0",
			"resolved": "https://registry.npmjs.org/vscode-languageserver/-/vscode-languageserver-7.0.0.tgz",
			"integrity": "sha512-60HTx5ID+fLRcgdHfmz0LDZAXYEV68fzwG0JWwEPBode9NuMYTIxuYXPg4ngO8i8+Ou0lM7y6GzaYWbiDL0drw==",
			"requires": {
				"vscode-languageserver-protocol": "3.16.0"
			}
		},
		"vscode-languageserver-protocol": {
			"version": "3.16.0",
			"resolved": "https://registry.npmjs.org/vscode-languageserver-protocol/-/vscode-languageserver-protocol-3.16.0.tgz",
			"integrity": "sha512-sdeUoAawceQdgIfTI+sdcwkiK2KU+2cbEYA0agzM2uqaUy2UpnnGHtWTHVEtS0ES4zHU0eMFRGN+oQgDxlD66A==",
			"requires": {
				"vscode-jsonrpc": "6.0.0",
				"vscode-languageserver-types": "3.16.0"
			}
		},
		"vscode-languageserver-textdocument": {
			"version": "1.0.11",
			"resolved": "https://registry.npmjs.org/vscode-languageserver-textdocument/-/vscode-languageserver-textdocument-1.0.11.tgz",
			"integrity": "sha512-X+8T3GoiwTVlJbicx/sIAF+yuJAqz8VvwJyoMVhwEMoEKE/fkDmrqUgDMyBECcM2A2frVZIUj5HI/ErRXCfOeA=="
		},
		"vscode-languageserver-types": {
			"version": "3.16.0",
			"resolved": "https://registry.npmjs.org/vscode-languageserver-types/-/vscode-languageserver-types-3.16.0.tgz",
			"integrity": "sha512-k8luDIWJWyenLc5ToFQQMaSrqCHiLwyKPHKPQZ5zz21vM+vIVUSvsRpcbiECH4WR88K2XZqc4ScRcZ7nk/jbeA=="
		},
		"vscode-textmate": {
			"version": "9.0.0",
			"resolved": "https://registry.npmjs.org/vscode-textmate/-/vscode-textmate-9.0.0.tgz",
			"integrity": "sha512-Cl65diFGxz7gpwbav10HqiY/eVYTO1sjQpmRmV991Bj7wAoOAjGQ97PpQcXorDE2Uc4hnGWLY17xme+5t6MlSg=="
		},
		"vscode-textmate-languageservice": {
			"version": "3.0.1",
			"resolved": "https://registry.npmjs.org/vscode-textmate-languageservice/-/vscode-textmate-languageservice-3.0.1.tgz",
			"integrity": "sha512-GjrV2vaEoY6WqyTomb5drnNimPwOmK3uoiPWAcKDXoVFtd0dcnrFeZzBHTX+jA/+MYHWa+dPGlyWKv/R3DsWrQ==",
			"requires": {
				"@types/vscode": "^1.55.0",
				"type-fest": "1.0.0",
				"vscode-textmate": "^9.0.0"
			}
		}
	}
}
